
Microsoft Visual Studio Solution File, Format Version 12.00
# Visual Studio 14
VisualStudioVersion = 14.0.25420.1
MinimumVisualStudioVersion = 10.0.40219.1
Project("{FAE04EC0-301F-11D3-BF4B-00C04F79EFBC}") = "LanguageSchoolApp", "LanguageSchoolApp\LanguageSchoolApp.csproj", "{A2A85E74-2EC1-41A5-893D-3CD23BE25692}"
EndProject
Project("{FAE04EC0-301F-11D3-BF4B-00C04F79EFBC}") = "LanguageSchoolApp.UnitTests", "LanguageSchoolApp.UnitTests\LanguageSchoolApp.UnitTests.csproj", "{5F8F0234-5E46-4467-B907-CBF5C51E92F6}"
EndProject
Project("{2150E333-8FDC-42A3-9474-1A3956D46DE8}") = "Data", "Data", "{C5AAA121-B0F5-4BED-8D56-86937B019CF2}"
EndProject
Project("{FAE04EC0-301F-11D3-BF4B-00C04F79EFBC}") = "LanguageSchoolApp.Data", "LanguageSchoolApp.Data\LanguageSchoolApp.Data.csproj", "{1031DDE7-D8EF-4431-A922-350609FDF15B}"
EndProject
Project("{FAE04EC0-301F-11D3-BF4B-00C04F79EFBC}") = "LanguageSchoolApp.Data.Model", "LanguageSchoolApp.Data.Model\LanguageSchoolApp.Data.Model.csproj", "{0BDFE25A-8B65-4027-8961-F930F35556F7}"
EndProject
Project("{2150E333-8FDC-42A3-9474-1A3956D46DE8}") = "Services", "Services", "{0799DCF6-6EB7-40AB-B1DE-AE78B8BE6DF8}"
EndProject
Project("{FAE04EC0-301F-11D3-BF4B-00C04F79EFBC}") = "LanguageSchoolApp.Services", "LanguageSchoolApp.Services\LanguageSchoolApp.Services.csproj", "{D3D1071F-1875-49B8-B351-FC154F0D0827}"
EndProject
Global
	GlobalSection(SolutionConfigurationPlatforms) = preSolution
		Debug|Any CPU = Debug|Any CPU
		Release|Any CPU = Release|Any CPU
	EndGlobalSection
	GlobalSection(ProjectConfigurationPlatforms) = postSolution
		{A2A85E74-2EC1-41A5-893D-3CD23BE25692}.Debug|Any CPU.ActiveCfg = Debug|Any CPU
		{A2A85E74-2EC1-41A5-893D-3CD23BE25692}.Debug|Any CPU.Build.0 = Debug|Any CPU
		{A2A85E74-2EC1-41A5-893D-3CD23BE25692}.Release|Any CPU.ActiveCfg = Release|Any CPU
		{A2A85E74-2EC1-41A5-893D-3CD23BE25692}.Release|Any CPU.Build.0 = Release|Any CPU
		{5F8F0234-5E46-4467-B907-CBF5C51E92F6}.Debug|Any CPU.ActiveCfg = Debug|Any CPU
		{5F8F0234-5E46-4467-B907-CBF5C51E92F6}.Debug|Any CPU.Build.0 = Debug|Any CPU
		{5F8F0234-5E46-4467-B907-CBF5C51E92F6}.Release|Any CPU.ActiveCfg = Release|Any CPU
		{5F8F0234-5E46-4467-B907-CBF5C51E92F6}.Release|Any CPU.Build.0 = Release|Any CPU
		{1031DDE7-D8EF-4431-A922-350609FDF15B}.Debug|Any CPU.ActiveCfg = Debug|Any CPU
		{1031DDE7-D8EF-4431-A922-350609FDF15B}.Debug|Any CPU.Build.0 = Debug|Any CPU
		{1031DDE7-D8EF-4431-A922-350609FDF15B}.Release|Any CPU.ActiveCfg = Release|Any CPU
		{1031DDE7-D8EF-4431-A922-350609FDF15B}.Release|Any CPU.Build.0 = Release|Any CPU
		{0BDFE25A-8B65-4027-8961-F930F35556F7}.Debug|Any CPU.ActiveCfg = Debug|Any CPU
		{0BDFE25A-8B65-4027-8961-F930F35556F7}.Debug|Any CPU.Build.0 = Debug|Any CPU
		{0BDFE25A-8B65-4027-8961-F930F35556F7}.Release|Any CPU.ActiveCfg = Release|Any CPU
		{0BDFE25A-8B65-4027-8961-F930F35556F7}.Release|Any CPU.Build.0 = Release|Any CPU
		{D3D1071F-1875-49B8-B351-FC154F0D0827}.Debug|Any CPU.ActiveCfg = Debug|Any CPU
		{D3D1071F-1875-49B8-B351-FC154F0D0827}.Debug|Any CPU.Build.0 = Debug|Any CPU
		{D3D1071F-1875-49B8-B351-FC154F0D0827}.Release|Any CPU.ActiveCfg = Release|Any CPU
		{D3D1071F-1875-49B8-B351-FC154F0D0827}.Release|Any CPU.Build.0 = Release|Any CPU
	EndGlobalSection
	GlobalSection(SolutionProperties) = preSolution
		HideSolutionNode = FALSE
	EndGlobalSection
	GlobalSection(NestedProjects) = preSolution
		{1031DDE7-D8EF-4431-A922-350609FDF15B} = {C5AAA121-B0F5-4BED-8D56-86937B019CF2}
		{0BDFE25A-8B65-4027-8961-F930F35556F7} = {C5AAA121-B0F5-4BED-8D56-86937B019CF2}
		{D3D1071F-1875-49B8-B351-FC154F0D0827} = {0799DCF6-6EB7-40AB-B1DE-AE78B8BE6DF8}
	EndGlobalSection
EndGlobal
